{
  "name": "device",
  "version": "1.0.0",
  "lockfileVersion": 1,
  "requires": true,
  "dependencies": {
    "axios": {
      "version": "0.21.1",
      "resolved": "https://a0us.jfrog.io/a0us/api/npm/npm/axios/-/axios-0.21.1.tgz",
      "integrity": "sha1-IlY0gZYvTWvemnbVFu8OXTwJsrg=",
      "requires": {
        "follow-redirects": "^1.10.0"
      }
    },
    "dotenv": {
      "version": "8.2.0",
      "resolved": "https://a0us.jfrog.io/a0us/api/npm/npm/dotenv/-/dotenv-8.2.0.tgz",
      "integrity": "sha1-l+YZJZradQ7qPk6j4mvO6lQksWo="
    },
    "follow-redirects": {
      "version": "1.13.1",
      "resolved": "https://a0us.jfrog.io/a0us/api/npm/npm/follow-redirects/-/follow-redirects-1.13.1.tgz",
      "integrity": "sha1-X2m4Ezds7k/QR0o6uoNd8Eq3Y7c="
    },
    "qrcode-terminal": {
      "version": "0.12.0",
      "resolved": "https://a0us.jfrog.io/a0us/api/npm/npm/qrcode-terminal/-/qrcode-terminal-0.12.0.tgz",
      "integrity": "sha1-u1tpnvf58FBQkqN0i+RGT+cbWBk="
    }
  }
}
